
Microsoft Visual Studio Solution File, Format Version 12.00
# Visual Studio Version 17
VisualStudioVersion = 17.3.32929.385
MinimumVisualStudioVersion = 10.0.40219.1
Project("{9A19103F-16F7-4668-BE54-9A1E7A4F7556}") = "TestProject", "TestProject\TestProject.csproj", "{E30D5391-87C1-49D0-A065-20E0997D4EF3}"
EndProject
Project("{2150E333-8FDC-42A3-9474-1A3956D46DE8}") = "TheFutureOfDotNet", "TheFutureOfDotNet", "{69356D01-4E08-4C6E-A5C9-BD7ADDC052E8}"
	ProjectSection(SolutionItems) = preProject
		TheFutureOfDotNet\TheFutureOfDotNet.md = TheFutureOfDotNet\TheFutureOfDotNet.md
	EndProjectSection
EndProject
Project("{9A19103F-16F7-4668-BE54-9A1E7A4F7556}") = "net5-classlib", "TheFutureOfDotNet\net5-classlib\net5-classlib.csproj", "{B3BE886D-6EA3-4C6A-ACF0-9FC1F726D9AB}"
EndProject
Project("{FAE04EC0-301F-11D3-BF4B-00C04F79EFBC}") = "net48-console", "TheFutureOfDotNet\net48-console\net48-console.csproj", "{66620986-F272-4236-8858-AD431941E6FD}"
EndProject
Project("{9A19103F-16F7-4668-BE54-9A1E7A4F7556}") = "netstd2_0.classlib", "TheFutureOfDotNet\netstd2_0.classlib\netstd2_0.classlib.csproj", "{CAC569F7-A0FA-40F0-A55C-73199C5175CD}"
EndProject
Project("{9A19103F-16F7-4668-BE54-9A1E7A4F7556}") = "netstd2_1.classslib", "TheFutureOfDotNet\netstd2_1.classslib\netstd2_1.classslib.csproj", "{68FC756C-E3DE-41A2-BDB5-D91AF71C1849}"
EndProject
Project("{9A19103F-16F7-4668-BE54-9A1E7A4F7556}") = "MemoryControlConsole", "MemoryControlConsole\MemoryControlConsole.csproj", "{ED80764F-08CE-4914-8489-914B78AE8B46}"
EndProject
Project("{9A19103F-16F7-4668-BE54-9A1E7A4F7556}") = "API2", "API2\API2.csproj", "{F1CAD0AE-2C26-45C9-BD27-1C38580D0805}"
EndProject
Project("{9A19103F-16F7-4668-BE54-9A1E7A4F7556}") = "AllocateConsole", "AllocateConsole\AllocateConsole.csproj", "{A8A92AA3-E585-4D12-9159-C1FAAB02BCAF}"
EndProject
Project("{9A19103F-16F7-4668-BE54-9A1E7A4F7556}") = "TcpServerPlayground", "TcpServerPlayground\TcpServerPlayground.csproj", "{10D0F637-6850-4194-8638-A7FA6DBB39D5}"
EndProject
Project("{9A19103F-16F7-4668-BE54-9A1E7A4F7556}") = "TcpClientPlayground", "TcpClientPlayground\TcpClientPlayground.csproj", "{5F6C27EA-5EFE-4625-8DB2-3388A90C8D3B}"
EndProject
Project("{2150E333-8FDC-42A3-9474-1A3956D46DE8}") = "TCP", "TCP", "{3B752449-A4EB-41AF-A882-3C5CCD24B395}"
EndProject
Project("{9A19103F-16F7-4668-BE54-9A1E7A4F7556}") = "TcpServer2", "TcpServer2\TcpServer2.csproj", "{7B21768E-9621-4C8F-8F61-E758E4377FFF}"
EndProject
Project("{FAE04EC0-301F-11D3-BF4B-00C04F79EFBC}") = "ConsoleApplication1", "ConsoleApplication1\ConsoleApplication1.csproj", "{24156503-9A06-424B-85AF-686D35B2B7B4}"
EndProject
Project("{FAE04EC0-301F-11D3-BF4B-00C04F79EFBC}") = "ConsoleAppBenchmark", "ConsoleAppBenchmark\ConsoleAppBenchmark.csproj", "{DF297E42-D1AF-4BB0-ABAA-039FEDEB3E6D}"
EndProject
Global
	GlobalSection(SolutionConfigurationPlatforms) = preSolution
		Debug|Any CPU = Debug|Any CPU
		Debug|x64 = Debug|x64
		Debug|x86 = Debug|x86
		Release|Any CPU = Release|Any CPU
		Release|x64 = Release|x64
		Release|x86 = Release|x86
	EndGlobalSection
	GlobalSection(ProjectConfigurationPlatforms) = postSolution
		{E30D5391-87C1-49D0-A065-20E0997D4EF3}.Debug|Any CPU.ActiveCfg = Debug|Any CPU
		{E30D5391-87C1-49D0-A065-20E0997D4EF3}.Debug|Any CPU.Build.0 = Debug|Any CPU
		{E30D5391-87C1-49D0-A065-20E0997D4EF3}.Debug|x64.ActiveCfg = Debug|x64
		{E30D5391-87C1-49D0-A065-20E0997D4EF3}.Debug|x64.Build.0 = Debug|x64
		{E30D5391-87C1-49D0-A065-20E0997D4EF3}.Debug|x86.ActiveCfg = Debug|x86
		{E30D5391-87C1-49D0-A065-20E0997D4EF3}.Debug|x86.Build.0 = Debug|x86
		{E30D5391-87C1-49D0-A065-20E0997D4EF3}.Release|Any CPU.ActiveCfg = Release|Any CPU
		{E30D5391-87C1-49D0-A065-20E0997D4EF3}.Release|Any CPU.Build.0 = Release|Any CPU
		{E30D5391-87C1-49D0-A065-20E0997D4EF3}.Release|x64.ActiveCfg = Release|x64
		{E30D5391-87C1-49D0-A065-20E0997D4EF3}.Release|x64.Build.0 = Release|x64
		{E30D5391-87C1-49D0-A065-20E0997D4EF3}.Release|x86.ActiveCfg = Release|x86
		{E30D5391-87C1-49D0-A065-20E0997D4EF3}.Release|x86.Build.0 = Release|x86
		{B3BE886D-6EA3-4C6A-ACF0-9FC1F726D9AB}.Debug|Any CPU.ActiveCfg = Debug|Any CPU
		{B3BE886D-6EA3-4C6A-ACF0-9FC1F726D9AB}.Debug|Any CPU.Build.0 = Debug|Any CPU
		{B3BE886D-6EA3-4C6A-ACF0-9FC1F726D9AB}.Debug|x64.ActiveCfg = Debug|x64
		{B3BE886D-6EA3-4C6A-ACF0-9FC1F726D9AB}.Debug|x64.Build.0 = Debug|x64
		{B3BE886D-6EA3-4C6A-ACF0-9FC1F726D9AB}.Debug|x86.ActiveCfg = Debug|x86
		{B3BE886D-6EA3-4C6A-ACF0-9FC1F726D9AB}.Debug|x86.Build.0 = Debug|x86
		{B3BE886D-6EA3-4C6A-ACF0-9FC1F726D9AB}.Release|Any CPU.ActiveCfg = Release|Any CPU
		{B3BE886D-6EA3-4C6A-ACF0-9FC1F726D9AB}.Release|Any CPU.Build.0 = Release|Any CPU
		{B3BE886D-6EA3-4C6A-ACF0-9FC1F726D9AB}.Release|x64.ActiveCfg = Release|x64
		{B3BE886D-6EA3-4C6A-ACF0-9FC1F726D9AB}.Release|x64.Build.0 = Release|x64
		{B3BE886D-6EA3-4C6A-ACF0-9FC1F726D9AB}.Release|x86.ActiveCfg = Release|x86
		{B3BE886D-6EA3-4C6A-ACF0-9FC1F726D9AB}.Release|x86.Build.0 = Release|x86
		{66620986-F272-4236-8858-AD431941E6FD}.Debug|Any CPU.ActiveCfg = Debug|Any CPU
		{66620986-F272-4236-8858-AD431941E6FD}.Debug|Any CPU.Build.0 = Debug|Any CPU
		{66620986-F272-4236-8858-AD431941E6FD}.Debug|x64.ActiveCfg = Debug|x64
		{66620986-F272-4236-8858-AD431941E6FD}.Debug|x64.Build.0 = Debug|x64
		{66620986-F272-4236-8858-AD431941E6FD}.Debug|x86.ActiveCfg = Debug|x86
		{66620986-F272-4236-8858-AD431941E6FD}.Debug|x86.Build.0 = Debug|x86
		{66620986-F272-4236-8858-AD431941E6FD}.Release|Any CPU.ActiveCfg = Release|Any CPU
		{66620986-F272-4236-8858-AD431941E6FD}.Release|Any CPU.Build.0 = Release|Any CPU
		{66620986-F272-4236-8858-AD431941E6FD}.Release|x64.ActiveCfg = Release|x64
		{66620986-F272-4236-8858-AD431941E6FD}.Release|x64.Build.0 = Release|x64
		{66620986-F272-4236-8858-AD431941E6FD}.Release|x86.ActiveCfg = Release|x86
		{66620986-F272-4236-8858-AD431941E6FD}.Release|x86.Build.0 = Release|x86
		{CAC569F7-A0FA-40F0-A55C-73199C5175CD}.Debug|Any CPU.ActiveCfg = Debug|Any CPU
		{CAC569F7-A0FA-40F0-A55C-73199C5175CD}.Debug|Any CPU.Build.0 = Debug|Any CPU
		{CAC569F7-A0FA-40F0-A55C-73199C5175CD}.Debug|x64.ActiveCfg = Debug|x64
		{CAC569F7-A0FA-40F0-A55C-73199C5175CD}.Debug|x64.Build.0 = Debug|x64
		{CAC569F7-A0FA-40F0-A55C-73199C5175CD}.Debug|x86.ActiveCfg = Debug|x86
		{CAC569F7-A0FA-40F0-A55C-73199C5175CD}.Debug|x86.Build.0 = Debug|x86
		{CAC569F7-A0FA-40F0-A55C-73199C5175CD}.Release|Any CPU.ActiveCfg = Release|Any CPU
		{CAC569F7-A0FA-40F0-A55C-73199C5175CD}.Release|Any CPU.Build.0 = Release|Any CPU
		{CAC569F7-A0FA-40F0-A55C-73199C5175CD}.Release|x64.ActiveCfg = Release|x64
		{CAC569F7-A0FA-40F0-A55C-73199C5175CD}.Release|x64.Build.0 = Release|x64
		{CAC569F7-A0FA-40F0-A55C-73199C5175CD}.Release|x86.ActiveCfg = Release|x86
		{CAC569F7-A0FA-40F0-A55C-73199C5175CD}.Release|x86.Build.0 = Release|x86
		{68FC756C-E3DE-41A2-BDB5-D91AF71C1849}.Debug|Any CPU.ActiveCfg = Debug|Any CPU
		{68FC756C-E3DE-41A2-BDB5-D91AF71C1849}.Debug|Any CPU.Build.0 = Debug|Any CPU
		{68FC756C-E3DE-41A2-BDB5-D91AF71C1849}.Debug|x64.ActiveCfg = Debug|x64
		{68FC756C-E3DE-41A2-BDB5-D91AF71C1849}.Debug|x64.Build.0 = Debug|x64
		{68FC756C-E3DE-41A2-BDB5-D91AF71C1849}.Debug|x86.ActiveCfg = Debug|x86
		{68FC756C-E3DE-41A2-BDB5-D91AF71C1849}.Debug|x86.Build.0 = Debug|x86
		{68FC756C-E3DE-41A2-BDB5-D91AF71C1849}.Release|Any CPU.ActiveCfg = Release|Any CPU
		{68FC756C-E3DE-41A2-BDB5-D91AF71C1849}.Release|Any CPU.Build.0 = Release|Any CPU
		{68FC756C-E3DE-41A2-BDB5-D91AF71C1849}.Release|x64.ActiveCfg = Release|x64
		{68FC756C-E3DE-41A2-BDB5-D91AF71C1849}.Release|x64.Build.0 = Release|x64
		{68FC756C-E3DE-41A2-BDB5-D91AF71C1849}.Release|x86.ActiveCfg = Release|x86
		{68FC756C-E3DE-41A2-BDB5-D91AF71C1849}.Release|x86.Build.0 = Release|x86
		{ED80764F-08CE-4914-8489-914B78AE8B46}.Debug|Any CPU.ActiveCfg = Debug|Any CPU
		{ED80764F-08CE-4914-8489-914B78AE8B46}.Debug|Any CPU.Build.0 = Debug|Any CPU
		{ED80764F-08CE-4914-8489-914B78AE8B46}.Debug|x64.ActiveCfg = Debug|x64
		{ED80764F-08CE-4914-8489-914B78AE8B46}.Debug|x64.Build.0 = Debug|x64
		{ED80764F-08CE-4914-8489-914B78AE8B46}.Debug|x86.ActiveCfg = Debug|x86
		{ED80764F-08CE-4914-8489-914B78AE8B46}.Debug|x86.Build.0 = Debug|x86
		{ED80764F-08CE-4914-8489-914B78AE8B46}.Release|Any CPU.ActiveCfg = Release|Any CPU
		{ED80764F-08CE-4914-8489-914B78AE8B46}.Release|Any CPU.Build.0 = Release|Any CPU
		{ED80764F-08CE-4914-8489-914B78AE8B46}.Release|x64.ActiveCfg = Release|x64
		{ED80764F-08CE-4914-8489-914B78AE8B46}.Release|x64.Build.0 = Release|x64
		{ED80764F-08CE-4914-8489-914B78AE8B46}.Release|x86.ActiveCfg = Release|x86
		{ED80764F-08CE-4914-8489-914B78AE8B46}.Release|x86.Build.0 = Release|x86
		{F1CAD0AE-2C26-45C9-BD27-1C38580D0805}.Debug|Any CPU.ActiveCfg = Debug|Any CPU
		{F1CAD0AE-2C26-45C9-BD27-1C38580D0805}.Debug|Any CPU.Build.0 = Debug|Any CPU
		{F1CAD0AE-2C26-45C9-BD27-1C38580D0805}.Debug|x64.ActiveCfg = Debug|x64
		{F1CAD0AE-2C26-45C9-BD27-1C38580D0805}.Debug|x64.Build.0 = Debug|x64
		{F1CAD0AE-2C26-45C9-BD27-1C38580D0805}.Debug|x86.ActiveCfg = Debug|x86
		{F1CAD0AE-2C26-45C9-BD27-1C38580D0805}.Debug|x86.Build.0 = Debug|x86
		{F1CAD0AE-2C26-45C9-BD27-1C38580D0805}.Release|Any CPU.ActiveCfg = Release|Any CPU
		{F1CAD0AE-2C26-45C9-BD27-1C38580D0805}.Release|Any CPU.Build.0 = Release|Any CPU
		{F1CAD0AE-2C26-45C9-BD27-1C38580D0805}.Release|x64.ActiveCfg = Release|x64
		{F1CAD0AE-2C26-45C9-BD27-1C38580D0805}.Release|x64.Build.0 = Release|x64
		{F1CAD0AE-2C26-45C9-BD27-1C38580D0805}.Release|x86.ActiveCfg = Release|x86
		{F1CAD0AE-2C26-45C9-BD27-1C38580D0805}.Release|x86.Build.0 = Release|x86
		{A8A92AA3-E585-4D12-9159-C1FAAB02BCAF}.Debug|Any CPU.ActiveCfg = Debug|Any CPU
		{A8A92AA3-E585-4D12-9159-C1FAAB02BCAF}.Debug|Any CPU.Build.0 = Debug|Any CPU
		{A8A92AA3-E585-4D12-9159-C1FAAB02BCAF}.Debug|x64.ActiveCfg = Debug|x64
		{A8A92AA3-E585-4D12-9159-C1FAAB02BCAF}.Debug|x64.Build.0 = Debug|x64
		{A8A92AA3-E585-4D12-9159-C1FAAB02BCAF}.Debug|x86.ActiveCfg = Debug|x86
		{A8A92AA3-E585-4D12-9159-C1FAAB02BCAF}.Debug|x86.Build.0 = Debug|x86
		{A8A92AA3-E585-4D12-9159-C1FAAB02BCAF}.Release|Any CPU.ActiveCfg = Release|Any CPU
		{A8A92AA3-E585-4D12-9159-C1FAAB02BCAF}.Release|Any CPU.Build.0 = Release|Any CPU
		{A8A92AA3-E585-4D12-9159-C1FAAB02BCAF}.Release|x64.ActiveCfg = Release|x64
		{A8A92AA3-E585-4D12-9159-C1FAAB02BCAF}.Release|x64.Build.0 = Release|x64
		{A8A92AA3-E585-4D12-9159-C1FAAB02BCAF}.Release|x86.ActiveCfg = Release|x86
		{A8A92AA3-E585-4D12-9159-C1FAAB02BCAF}.Release|x86.Build.0 = Release|x86
		{10D0F637-6850-4194-8638-A7FA6DBB39D5}.Debug|Any CPU.ActiveCfg = Debug|Any CPU
		{10D0F637-6850-4194-8638-A7FA6DBB39D5}.Debug|Any CPU.Build.0 = Debug|Any CPU
		{10D0F637-6850-4194-8638-A7FA6DBB39D5}.Debug|x64.ActiveCfg = Debug|x64
		{10D0F637-6850-4194-8638-A7FA6DBB39D5}.Debug|x64.Build.0 = Debug|x64
		{10D0F637-6850-4194-8638-A7FA6DBB39D5}.Debug|x86.ActiveCfg = Debug|Any CPU
		{10D0F637-6850-4194-8638-A7FA6DBB39D5}.Debug|x86.Build.0 = Debug|Any CPU
		{10D0F637-6850-4194-8638-A7FA6DBB39D5}.Release|Any CPU.ActiveCfg = Release|Any CPU
		{10D0F637-6850-4194-8638-A7FA6DBB39D5}.Release|Any CPU.Build.0 = Release|Any CPU
		{10D0F637-6850-4194-8638-A7FA6DBB39D5}.Release|x64.ActiveCfg = Release|x64
		{10D0F637-6850-4194-8638-A7FA6DBB39D5}.Release|x64.Build.0 = Release|x64
		{10D0F637-6850-4194-8638-A7FA6DBB39D5}.Release|x86.ActiveCfg = Release|Any CPU
		{10D0F637-6850-4194-8638-A7FA6DBB39D5}.Release|x86.Build.0 = Release|Any CPU
		{5F6C27EA-5EFE-4625-8DB2-3388A90C8D3B}.Debug|Any CPU.ActiveCfg = Debug|Any CPU
		{5F6C27EA-5EFE-4625-8DB2-3388A90C8D3B}.Debug|Any CPU.Build.0 = Debug|Any CPU
		{5F6C27EA-5EFE-4625-8DB2-3388A90C8D3B}.Debug|x64.ActiveCfg = Debug|x64
		{5F6C27EA-5EFE-4625-8DB2-3388A90C8D3B}.Debug|x64.Build.0 = Debug|x64
		{5F6C27EA-5EFE-4625-8DB2-3388A90C8D3B}.Debug|x86.ActiveCfg = Debug|Any CPU
		{5F6C27EA-5EFE-4625-8DB2-3388A90C8D3B}.Debug|x86.Build.0 = Debug|Any CPU
		{5F6C27EA-5EFE-4625-8DB2-3388A90C8D3B}.Release|Any CPU.ActiveCfg = Release|Any CPU
		{5F6C27EA-5EFE-4625-8DB2-3388A90C8D3B}.Release|Any CPU.Build.0 = Release|Any CPU
		{5F6C27EA-5EFE-4625-8DB2-3388A90C8D3B}.Release|x64.ActiveCfg = Release|x64
		{5F6C27EA-5EFE-4625-8DB2-3388A90C8D3B}.Release|x64.Build.0 = Release|x64
		{5F6C27EA-5EFE-4625-8DB2-3388A90C8D3B}.Release|x86.ActiveCfg = Release|Any CPU
		{5F6C27EA-5EFE-4625-8DB2-3388A90C8D3B}.Release|x86.Build.0 = Release|Any CPU
		{7B21768E-9621-4C8F-8F61-E758E4377FFF}.Debug|Any CPU.ActiveCfg = Debug|Any CPU
		{7B21768E-9621-4C8F-8F61-E758E4377FFF}.Debug|Any CPU.Build.0 = Debug|Any CPU
		{7B21768E-9621-4C8F-8F61-E758E4377FFF}.Debug|x64.ActiveCfg = Debug|x64
		{7B21768E-9621-4C8F-8F61-E758E4377FFF}.Debug|x64.Build.0 = Debug|x64
		{7B21768E-9621-4C8F-8F61-E758E4377FFF}.Debug|x86.ActiveCfg = Debug|Any CPU
		{7B21768E-9621-4C8F-8F61-E758E4377FFF}.Debug|x86.Build.0 = Debug|Any CPU
		{7B21768E-9621-4C8F-8F61-E758E4377FFF}.Release|Any CPU.ActiveCfg = Release|Any CPU
		{7B21768E-9621-4C8F-8F61-E758E4377FFF}.Release|Any CPU.Build.0 = Release|Any CPU
		{7B21768E-9621-4C8F-8F61-E758E4377FFF}.Release|x64.ActiveCfg = Release|x64
		{7B21768E-9621-4C8F-8F61-E758E4377FFF}.Release|x64.Build.0 = Release|x64
		{7B21768E-9621-4C8F-8F61-E758E4377FFF}.Release|x86.ActiveCfg = Release|Any CPU
		{7B21768E-9621-4C8F-8F61-E758E4377FFF}.Release|x86.Build.0 = Release|Any CPU
		{24156503-9A06-424B-85AF-686D35B2B7B4}.Debug|Any CPU.ActiveCfg = Debug|Any CPU
		{24156503-9A06-424B-85AF-686D35B2B7B4}.Debug|Any CPU.Build.0 = Debug|Any CPU
		{24156503-9A06-424B-85AF-686D35B2B7B4}.Debug|x64.ActiveCfg = Debug|x64
		{24156503-9A06-424B-85AF-686D35B2B7B4}.Debug|x64.Build.0 = Debug|x64
		{24156503-9A06-424B-85AF-686D35B2B7B4}.Debug|x86.ActiveCfg = Debug|Any CPU
		{24156503-9A06-424B-85AF-686D35B2B7B4}.Debug|x86.Build.0 = Debug|Any CPU
		{24156503-9A06-424B-85AF-686D35B2B7B4}.Release|Any CPU.ActiveCfg = Release|Any CPU
		{24156503-9A06-424B-85AF-686D35B2B7B4}.Release|Any CPU.Build.0 = Release|Any CPU
		{24156503-9A06-424B-85AF-686D35B2B7B4}.Release|x64.ActiveCfg = Release|x64
		{24156503-9A06-424B-85AF-686D35B2B7B4}.Release|x64.Build.0 = Release|x64
		{24156503-9A06-424B-85AF-686D35B2B7B4}.Release|x86.ActiveCfg = Release|Any CPU
		{24156503-9A06-424B-85AF-686D35B2B7B4}.Release|x86.Build.0 = Release|Any CPU
		{DF297E42-D1AF-4BB0-ABAA-039FEDEB3E6D}.Debug|Any CPU.ActiveCfg = Debug|Any CPU
		{DF297E42-D1AF-4BB0-ABAA-039FEDEB3E6D}.Debug|Any CPU.Build.0 = Debug|Any CPU
		{DF297E42-D1AF-4BB0-ABAA-039FEDEB3E6D}.Debug|x64.ActiveCfg = Debug|Any CPU
		{DF297E42-D1AF-4BB0-ABAA-039FEDEB3E6D}.Debug|x64.Build.0 = Debug|Any CPU
		{DF297E42-D1AF-4BB0-ABAA-039FEDEB3E6D}.Debug|x86.ActiveCfg = Debug|Any CPU
		{DF297E42-D1AF-4BB0-ABAA-039FEDEB3E6D}.Debug|x86.Build.0 = Debug|Any CPU
		{DF297E42-D1AF-4BB0-ABAA-039FEDEB3E6D}.Release|Any CPU.ActiveCfg = Release|Any CPU
		{DF297E42-D1AF-4BB0-ABAA-039FEDEB3E6D}.Release|Any CPU.Build.0 = Release|Any CPU
		{DF297E42-D1AF-4BB0-ABAA-039FEDEB3E6D}.Release|x64.ActiveCfg = Release|Any CPU
		{DF297E42-D1AF-4BB0-ABAA-039FEDEB3E6D}.Release|x64.Build.0 = Release|Any CPU
		{DF297E42-D1AF-4BB0-ABAA-039FEDEB3E6D}.Release|x86.ActiveCfg = Release|Any CPU
		{DF297E42-D1AF-4BB0-ABAA-039FEDEB3E6D}.Release|x86.Build.0 = Release|Any CPU
	EndGlobalSection
	GlobalSection(SolutionProperties) = preSolution
		HideSolutionNode = FALSE
	EndGlobalSection
	GlobalSection(NestedProjects) = preSolution
		{B3BE886D-6EA3-4C6A-ACF0-9FC1F726D9AB} = {69356D01-4E08-4C6E-A5C9-BD7ADDC052E8}
		{66620986-F272-4236-8858-AD431941E6FD} = {69356D01-4E08-4C6E-A5C9-BD7ADDC052E8}
		{CAC569F7-A0FA-40F0-A55C-73199C5175CD} = {69356D01-4E08-4C6E-A5C9-BD7ADDC052E8}
		{68FC756C-E3DE-41A2-BDB5-D91AF71C1849} = {69356D01-4E08-4C6E-A5C9-BD7ADDC052E8}
		{10D0F637-6850-4194-8638-A7FA6DBB39D5} = {3B752449-A4EB-41AF-A882-3C5CCD24B395}
		{5F6C27EA-5EFE-4625-8DB2-3388A90C8D3B} = {3B752449-A4EB-41AF-A882-3C5CCD24B395}
		{7B21768E-9621-4C8F-8F61-E758E4377FFF} = {3B752449-A4EB-41AF-A882-3C5CCD24B395}
	EndGlobalSection
	GlobalSection(ExtensibilityGlobals) = postSolution
		SolutionGuid = {151717DC-89FD-45E1-BC65-DDB39B3A898E}
	EndGlobalSection
EndGlobal
